github.com/blicero/krylib v0.0.0-20230308180103-2ef208d8985d h1:DDdGKdGf1NVImKRy4PdpIqoVgdQkdKyK9Y1VDsAcI24=
github.com/blicero/krylib v0.0.0-20230308180103-2ef208d8985d/go.mod h1:gdk/cGEYmmPxCWUnKDJNE1FytWYGaNjDMdtWQFtpSjA=
github.com/davecgh/go-spew v1.1.1 h1:vj9j/u1bqnvCEfJOwUhtlOARqs3+rkHYY13jYWTU97c=
github.com/davecgh/go-spew v1.1.1/go.mod h1:J7Y8YcW2NihsgmVo/mv3lAwl/skON4iLHjSsI+c5H38=
github.com/dhowden/tag v0.0.0-20230630033851-978a0926ee25 h1:simG0vMYFvNriGhaaat7QVVkaVkXzvqcohaBoLZl9Hg=
github.com/dhowden/tag v0.0.0-20230630033851-978a0926ee25/go.mod h1:Z3Lomva4pyMWYezjMAU5QWRh0p1VvO4199OHlFnyKkM=
github.com/godbus/dbus/v5 v5.1.0 h1:4KLkAxT3aOY8Li4FRJe/KvhoNFFxo0m6fNuFUO8QJUk=
github.com/godbus/dbus/v5 v5.1.0/go.mod h1:xhWf0FNVPg57R7Z0UbKHbJfkEywrmjJnf7w5xrFpKfA=
github.com/gotk3/gotk3 v0.6.2 h1:sx/PjaKfKULJPTPq8p2kn2ZbcNFxpOJqi4VLzMbEOO8=
github.com/gotk3/gotk3 v0.6.2/go.mod h1:/hqFpkNa9T3JgNAE2fLvCdov7c5bw//FHNZrZ3Uv9/Q=
github.com/hashicorp/logutils v1.0.0 h1:dLEQVugN8vlakKOUE3ihGLTZJRB4j+M2cdTm/ORI65Y=
github.com/hashicorp/logutils v1.0.0/go.mod h1:QIAnNjmIWmVIIkWDTG1z5v++HQmx9WQRO+LraFDTW64=
github.com/mattn/go-sqlite3 v1.14.17 h1:mCRHCLDUBXgpKAqIKsaAaAsrAlbkeomtRFKXh2L6YIM=
github.com/mattn/go-sqlite3 v1.14.17/go.mod h1:2eHXhiwb8IkHr+BDWZGa96P6+rkvnG63S2DGjv9HUNg=
github.com/odeke-em/go-uuid v0.0.0-20151221120446-b211d769a9aa h1:XEhClAZN5U0GUTFRgRdPNgAKO4mP++S+zbqXH+Pr9nU=
github.com/odeke-em/go-uuid v0.0.0-20151221120446-b211d769a9aa/go.mod h1:omlfAqAAOXYL53jxw8wG+G2xH7NqbkJPlDeGP9YpP6g=
