github.com/blicero/krylib v0.0.0-20210821183726-381c76f977eb h1:tIKHCTcjhmzpkHlS3Nf0E0n0VRgYEjx12fG7QiBaf7g=
github.com/blicero/krylib v0.0.0-20210821183726-381c76f977eb/go.mod h1:HoeVtZ3wPyRWgB76KOcQ+HdtScp4V9DB76gOgN/YOcw=
github.com/dhowden/tag v0.0.0-20220530110423-77907a30b7f1 h1:jD1A7flCBuwFb5PvK3B2u/jmUUZ2j3n3puR0F7peZWM=
github.com/dhowden/tag v0.0.0-20220530110423-77907a30b7f1/go.mod h1:SniNVYuaD1jmdEEvi+7ywb1QFR7agjeTdGKyFb0p7Rw=
github.com/godbus/dbus/v5 v5.1.0 h1:4KLkAxT3aOY8Li4FRJe/KvhoNFFxo0m6fNuFUO8QJUk=
github.com/godbus/dbus/v5 v5.1.0/go.mod h1:xhWf0FNVPg57R7Z0UbKHbJfkEywrmjJnf7w5xrFpKfA=
github.com/gotk3/gotk3 v0.6.1 h1:GJ400a0ecEEWrzjBvzBzH+pB/esEMIGdB9zPSmBdoeo=
github.com/gotk3/gotk3 v0.6.1/go.mod h1:/hqFpkNa9T3JgNAE2fLvCdov7c5bw//FHNZrZ3Uv9/Q=
github.com/hashicorp/logutils v1.0.0 h1:dLEQVugN8vlakKOUE3ihGLTZJRB4j+M2cdTm/ORI65Y=
github.com/hashicorp/logutils v1.0.0/go.mod h1:QIAnNjmIWmVIIkWDTG1z5v++HQmx9WQRO+LraFDTW64=
github.com/mattn/go-sqlite3 v1.14.13 h1:1tj15ngiFfcZzii7yd82foL+ks+ouQcj8j/TPq3fk1I=
github.com/mattn/go-sqlite3 v1.14.13/go.mod h1:NyWgC/yNuGj7Q9rpYnZvas74GogHl5/Z4A/KQRfk6bU=
github.com/odeke-em/go-uuid v0.0.0-20151221120446-b211d769a9aa h1:XEhClAZN5U0GUTFRgRdPNgAKO4mP++S+zbqXH+Pr9nU=
github.com/odeke-em/go-uuid v0.0.0-20151221120446-b211d769a9aa/go.mod h1:omlfAqAAOXYL53jxw8wG+G2xH7NqbkJPlDeGP9YpP6g=
